
Microsoft Visual Studio Solution File, Format Version 12.00
# Visual Studio Version 17
VisualStudioVersion = 17.5.2.0
MinimumVisualStudioVersion = 10.0.40219.1
Project("{FAE04EC0-301F-11D3-BF4B-00C04F79EFBC}") = "ChapeauG5", "ChapeauG5.csproj", "{0C85FDE6-2EDA-1FD6-E788-C5681E677B94}"
EndProject
Project("{FAE04EC0-301F-11D3-BF4B-00C04F79EFBC}") = "ChapeauModel", "ChapeauModel\ChapeauModel.csproj", "{08303765-B367-4FDA-91A0-7DB687EE6ECE}"
EndProject
Project("{FAE04EC0-301F-11D3-BF4B-00C04F79EFBC}") = "ChapeauDAL", "ChapeauDAL\ChapeauDAL.csproj", "{3D6DFF34-D742-4EED-A645-1DA50A05B658}"
EndProject
Project("{FAE04EC0-301F-11D3-BF4B-00C04F79EFBC}") = "ChapeauService", "ChapeauService\ChapeauService.csproj", "{C601D700-8861-48E2-869F-74B4C87B7D8B}"
EndProject
Project("{FAE04EC0-301F-11D3-BF4B-00C04F79EFBC}") = "ChapeauUI", "ChapeauUI\ChapeauUI.csproj", "{1C9E65AC-A111-4D27-8D83-3301EE79225F}"
EndProject
Global
	GlobalSection(SolutionConfigurationPlatforms) = preSolution
		Debug|Any CPU = Debug|Any CPU
		Debug|x64 = Debug|x64
		Debug|x86 = Debug|x86
		Release|Any CPU = Release|Any CPU
		Release|x64 = Release|x64
		Release|x86 = Release|x86
	EndGlobalSection
	GlobalSection(ProjectConfigurationPlatforms) = postSolution
		{0C85FDE6-2EDA-1FD6-E788-C5681E677B94}.Debug|Any CPU.ActiveCfg = Debug|Any CPU
		{0C85FDE6-2EDA-1FD6-E788-C5681E677B94}.Debug|Any CPU.Build.0 = Debug|Any CPU
		{0C85FDE6-2EDA-1FD6-E788-C5681E677B94}.Debug|x64.ActiveCfg = Debug|Any CPU
		{0C85FDE6-2EDA-1FD6-E788-C5681E677B94}.Debug|x64.Build.0 = Debug|Any CPU
		{0C85FDE6-2EDA-1FD6-E788-C5681E677B94}.Debug|x86.ActiveCfg = Debug|Any CPU
		{0C85FDE6-2EDA-1FD6-E788-C5681E677B94}.Debug|x86.Build.0 = Debug|Any CPU
		{0C85FDE6-2EDA-1FD6-E788-C5681E677B94}.Release|Any CPU.ActiveCfg = Release|Any CPU
		{0C85FDE6-2EDA-1FD6-E788-C5681E677B94}.Release|Any CPU.Build.0 = Release|Any CPU
		{0C85FDE6-2EDA-1FD6-E788-C5681E677B94}.Release|x64.ActiveCfg = Release|Any CPU
		{0C85FDE6-2EDA-1FD6-E788-C5681E677B94}.Release|x64.Build.0 = Release|Any CPU
		{0C85FDE6-2EDA-1FD6-E788-C5681E677B94}.Release|x86.ActiveCfg = Release|Any CPU
		{0C85FDE6-2EDA-1FD6-E788-C5681E677B94}.Release|x86.Build.0 = Release|Any CPU
		{08303765-B367-4FDA-91A0-7DB687EE6ECE}.Debug|Any CPU.ActiveCfg = Debug|Any CPU
		{08303765-B367-4FDA-91A0-7DB687EE6ECE}.Debug|Any CPU.Build.0 = Debug|Any CPU
		{08303765-B367-4FDA-91A0-7DB687EE6ECE}.Debug|x64.ActiveCfg = Debug|Any CPU
		{08303765-B367-4FDA-91A0-7DB687EE6ECE}.Debug|x64.Build.0 = Debug|Any CPU
		{08303765-B367-4FDA-91A0-7DB687EE6ECE}.Debug|x86.ActiveCfg = Debug|Any CPU
		{08303765-B367-4FDA-91A0-7DB687EE6ECE}.Debug|x86.Build.0 = Debug|Any CPU
		{08303765-B367-4FDA-91A0-7DB687EE6ECE}.Release|Any CPU.ActiveCfg = Release|Any CPU
		{08303765-B367-4FDA-91A0-7DB687EE6ECE}.Release|Any CPU.Build.0 = Release|Any CPU
		{08303765-B367-4FDA-91A0-7DB687EE6ECE}.Release|x64.ActiveCfg = Release|Any CPU
		{08303765-B367-4FDA-91A0-7DB687EE6ECE}.Release|x64.Build.0 = Release|Any CPU
		{08303765-B367-4FDA-91A0-7DB687EE6ECE}.Release|x86.ActiveCfg = Release|Any CPU
		{08303765-B367-4FDA-91A0-7DB687EE6ECE}.Release|x86.Build.0 = Release|Any CPU
		{3D6DFF34-D742-4EED-A645-1DA50A05B658}.Debug|Any CPU.ActiveCfg = Debug|Any CPU
		{3D6DFF34-D742-4EED-A645-1DA50A05B658}.Debug|Any CPU.Build.0 = Debug|Any CPU
		{3D6DFF34-D742-4EED-A645-1DA50A05B658}.Debug|x64.ActiveCfg = Debug|Any CPU
		{3D6DFF34-D742-4EED-A645-1DA50A05B658}.Debug|x64.Build.0 = Debug|Any CPU
		{3D6DFF34-D742-4EED-A645-1DA50A05B658}.Debug|x86.ActiveCfg = Debug|Any CPU
		{3D6DFF34-D742-4EED-A645-1DA50A05B658}.Debug|x86.Build.0 = Debug|Any CPU
		{3D6DFF34-D742-4EED-A645-1DA50A05B658}.Release|Any CPU.ActiveCfg = Release|Any CPU
		{3D6DFF34-D742-4EED-A645-1DA50A05B658}.Release|Any CPU.Build.0 = Release|Any CPU
		{3D6DFF34-D742-4EED-A645-1DA50A05B658}.Release|x64.ActiveCfg = Release|Any CPU
		{3D6DFF34-D742-4EED-A645-1DA50A05B658}.Release|x64.Build.0 = Release|Any CPU
		{3D6DFF34-D742-4EED-A645-1DA50A05B658}.Release|x86.ActiveCfg = Release|Any CPU
		{3D6DFF34-D742-4EED-A645-1DA50A05B658}.Release|x86.Build.0 = Release|Any CPU
		{C601D700-8861-48E2-869F-74B4C87B7D8B}.Debug|Any CPU.ActiveCfg = Debug|Any CPU
		{C601D700-8861-48E2-869F-74B4C87B7D8B}.Debug|Any CPU.Build.0 = Debug|Any CPU
		{C601D700-8861-48E2-869F-74B4C87B7D8B}.Debug|x64.ActiveCfg = Debug|Any CPU
		{C601D700-8861-48E2-869F-74B4C87B7D8B}.Debug|x64.Build.0 = Debug|Any CPU
		{C601D700-8861-48E2-869F-74B4C87B7D8B}.Debug|x86.ActiveCfg = Debug|Any CPU
		{C601D700-8861-48E2-869F-74B4C87B7D8B}.Debug|x86.Build.0 = Debug|Any CPU
		{C601D700-8861-48E2-869F-74B4C87B7D8B}.Release|Any CPU.ActiveCfg = Release|Any CPU
		{C601D700-8861-48E2-869F-74B4C87B7D8B}.Release|Any CPU.Build.0 = Release|Any CPU
		{C601D700-8861-48E2-869F-74B4C87B7D8B}.Release|x64.ActiveCfg = Release|Any CPU
		{C601D700-8861-48E2-869F-74B4C87B7D8B}.Release|x64.Build.0 = Release|Any CPU
		{C601D700-8861-48E2-869F-74B4C87B7D8B}.Release|x86.ActiveCfg = Release|Any CPU
		{C601D700-8861-48E2-869F-74B4C87B7D8B}.Release|x86.Build.0 = Release|Any CPU
		{1C9E65AC-A111-4D27-8D83-3301EE79225F}.Debug|Any CPU.ActiveCfg = Debug|Any CPU
		{1C9E65AC-A111-4D27-8D83-3301EE79225F}.Debug|Any CPU.Build.0 = Debug|Any CPU
		{1C9E65AC-A111-4D27-8D83-3301EE79225F}.Debug|x64.ActiveCfg = Debug|Any CPU
		{1C9E65AC-A111-4D27-8D83-3301EE79225F}.Debug|x64.Build.0 = Debug|Any CPU
		{1C9E65AC-A111-4D27-8D83-3301EE79225F}.Debug|x86.ActiveCfg = Debug|Any CPU
		{1C9E65AC-A111-4D27-8D83-3301EE79225F}.Debug|x86.Build.0 = Debug|Any CPU
		{1C9E65AC-A111-4D27-8D83-3301EE79225F}.Release|Any CPU.ActiveCfg = Release|Any CPU
		{1C9E65AC-A111-4D27-8D83-3301EE79225F}.Release|Any CPU.Build.0 = Release|Any CPU
		{1C9E65AC-A111-4D27-8D83-3301EE79225F}.Release|x64.ActiveCfg = Release|Any CPU
		{1C9E65AC-A111-4D27-8D83-3301EE79225F}.Release|x64.Build.0 = Release|Any CPU
		{1C9E65AC-A111-4D27-8D83-3301EE79225F}.Release|x86.ActiveCfg = Release|Any CPU
		{1C9E65AC-A111-4D27-8D83-3301EE79225F}.Release|x86.Build.0 = Release|Any CPU
	EndGlobalSection
	GlobalSection(SolutionProperties) = preSolution
		HideSolutionNode = FALSE
	EndGlobalSection
	GlobalSection(ExtensibilityGlobals) = postSolution
		SolutionGuid = {545A9F8A-1F91-4AD9-8542-3710B887B9D8}
	EndGlobalSection
EndGlobal
